
Microsoft Visual Studio Solution File, Format Version 12.00
# Visual Studio Version 16
VisualStudioVersion = 16.0.30011.22
MinimumVisualStudioVersion = 10.0.40219.1
Project("{F184B08F-C81C-45F6-A57F-5ABD9991F28F}") = "Kreator haseł", "Kreator haseł.vbproj", "{AD01C179-ED51-449A-AAAA-983043A1FA56}"
EndProject
Global
	GlobalSection(SolutionConfigurationPlatforms) = preSolution
		Debug|Any CPU = Debug|Any CPU
		Release|Any CPU = Release|Any CPU
	EndGlobalSection
	GlobalSection(ProjectConfigurationPlatforms) = postSolution
		{AD01C179-ED51-449A-AAAA-983043A1FA56}.Debug|Any CPU.ActiveCfg = Debug|Any CPU
		{AD01C179-ED51-449A-AAAA-983043A1FA56}.Debug|Any CPU.Build.0 = Debug|Any CPU
		{AD01C179-ED51-449A-AAAA-983043A1FA56}.Release|Any CPU.ActiveCfg = Release|Any CPU
		{AD01C179-ED51-449A-AAAA-983043A1FA56}.Release|Any CPU.Build.0 = Release|Any CPU
	EndGlobalSection
	GlobalSection(SolutionProperties) = preSolution
		HideSolutionNode = FALSE
	EndGlobalSection
	GlobalSection(ExtensibilityGlobals) = postSolution
		SolutionGuid = {07A3F18B-14E2-48E7-B0D5-34839101AB2D}
	EndGlobalSection
EndGlobal
